
Microsoft Visual Studio Solution File, Format Version 12.00
# Visual Studio Version 17
VisualStudioVersion = 17.4.33205.214
MinimumVisualStudioVersion = 10.0.40219.1
Project("{FAE04EC0-301F-11D3-BF4B-00C04F79EFBC}") = "MvcCoreApiEmpleadosRoutes", "MvcCoreApiEmpleadosRoutes\MvcCoreApiEmpleadosRoutes.csproj", "{0642C30F-33B8-4016-8A03-A28CCEF745ED}"
EndProject
Global
	GlobalSection(SolutionConfigurationPlatforms) = preSolution
		Debug|Any CPU = Debug|Any CPU
		Release|Any CPU = Release|Any CPU
	EndGlobalSection
	GlobalSection(ProjectConfigurationPlatforms) = postSolution
		{0642C30F-33B8-4016-8A03-A28CCEF745ED}.Debug|Any CPU.ActiveCfg = Debug|Any CPU
		{0642C30F-33B8-4016-8A03-A28CCEF745ED}.Debug|Any CPU.Build.0 = Debug|Any CPU
		{0642C30F-33B8-4016-8A03-A28CCEF745ED}.Release|Any CPU.ActiveCfg = Release|Any CPU
		{0642C30F-33B8-4016-8A03-A28CCEF745ED}.Release|Any CPU.Build.0 = Release|Any CPU
	EndGlobalSection
	GlobalSection(SolutionProperties) = preSolution
		HideSolutionNode = FALSE
	EndGlobalSection
	GlobalSection(ExtensibilityGlobals) = postSolution
		SolutionGuid = {13801E1A-4367-4692-9F98-56C7C3DEFE8E}
	EndGlobalSection
EndGlobal
